
Microsoft Visual Studio Solution File, Format Version 12.00
# Visual Studio 15
Project("{FAE04EC0-301F-11D3-BF4B-00C04F79EFBC}") = "Assembly-CSharp", "Assembly-CSharp.csproj", "{A608BB1C-AB79-1B6F-C8D0-23F4FCDC7550}"
EndProject
Global
	GlobalSection(SolutionConfigurationPlatforms) = preSolution
		Debug|Any CPU = Debug|Any CPU
		Release|Any CPU = Release|Any CPU
	EndGlobalSection
	GlobalSection(ProjectConfigurationPlatforms) = postSolution
		{A608BB1C-AB79-1B6F-C8D0-23F4FCDC7550}.Debug|Any CPU.ActiveCfg = Debug|Any CPU
		{A608BB1C-AB79-1B6F-C8D0-23F4FCDC7550}.Debug|Any CPU.Build.0 = Debug|Any CPU
		{A608BB1C-AB79-1B6F-C8D0-23F4FCDC7550}.Release|Any CPU.ActiveCfg = Release|Any CPU
		{A608BB1C-AB79-1B6F-C8D0-23F4FCDC7550}.Release|Any CPU.Build.0 = Release|Any CPU
	EndGlobalSection
	GlobalSection(SolutionProperties) = preSolution
		HideSolutionNode = FALSE
	EndGlobalSection
EndGlobal
